version = 1
revision = 2
requires-python = "==3.13.*"
resolution-markers = [
    "sys_platform == 'win32'",
]
supported-markers = [
    "sys_platform == 'win32'",
]

[[package]]
name = "cachetools"
version = "6.2.1"
source = { registry = "https://pypi.org/simple" }
sdist = { url = "https://files.pythonhosted.org/packages/cc/7e/b975b5814bd36faf009faebe22c1072a1fa1168db34d285ef0ba071ad78c/cachetools-6.2.1.tar.gz", hash = "sha256:3f391e4bd8f8bf0931169baf7456cc822705f4e2a31f840d218f445b9a854201", size = 31325, upload-time = "2025-10-12T14:55:30.139Z" }
wheels = [
    { url = "https://files.pythonhosted.org/packages/96/c5/1e741d26306c42e2bf6ab740b2202872727e0f606033c9dd713f8b93f5a8/cachetools-6.2.1-py3-none-any.whl", hash = "sha256:09868944b6dde876dfd44e1d47e18484541eaf12f26f29b7af91b26cc892d701", size = 11280, upload-time = "2025-10-12T14:55:28.382Z" },
]

[[package]]
name = "certifi"
version = "2025.10.5"
source = { registry = "https://pypi.org/simple" }
sdist = { url = "https://files.pythonhosted.org/packages/4c/5b/b6ce21586237c77ce67d01dc5507039d444b630dd76611bbca2d8e5dcd91/certifi-2025.10.5.tar.gz", hash = "sha256:47c09d31ccf2acf0be3f701ea53595ee7e0b8fa08801c6624be771df09ae7b43", size = 164519, upload-time = "2025-10-05T04:12:15.808Z" }
wheels = [
    { url = "https://files.pythonhosted.org/packages/e4/37/af0d2ef3967ac0d6113837b44a4f0bfe1328c2b9763bd5b1744520e5cfed/certifi-2025.10.5-py3-none-any.whl", hash = "sha256:0f212c2744a9bb6de0c56639a6f68afe01ecd92d91f14ae897c4fe7bbeeef0de", size = 163286, upload-time = "2025-10-05T04:12:14.03Z" },
]

[[package]]
name = "cffi"
version = "2.0.0"
source = { registry = "https://pypi.org/simple" }
dependencies = [
    { name = "pycparser", marker = "implementation_name != 'PyPy' and sys_platform == 'win32'" },
]
sdist = { url = "https://files.pythonhosted.org/packages/eb/56/b1ba7935a17738ae8453301356628e8147c79dbb825bcbc73dc7401f9846/cffi-2.0.0.tar.gz", hash = "sha256:44d1b5909021139fe36001ae048dbdde8214afa20200eda0f64c068cac5d5529", size = 523588, upload-time = "2025-09-08T23:24:04.541Z" }
wheels = [
    { url = "https://files.pythonhosted.org/packages/eb/6d/bf9bda840d5f1dfdbf0feca87fbdb64a918a69bca42cfa0ba7b137c48cb8/cffi-2.0.0-cp313-cp313-win32.whl", hash = "sha256:74a03b9698e198d47562765773b4a8309919089150a0bb17d829ad7b44b60d27", size = 172909, upload-time = "2025-09-08T23:23:14.32Z" },
    { url = "https://files.pythonhosted.org/packages/37/18/6519e1ee6f5a1e579e04b9ddb6f1676c17368a7aba48299c3759bbc3c8b3/cffi-2.0.0-cp313-cp313-win_amd64.whl", hash = "sha256:19f705ada2530c1167abacb171925dd886168931e0a7b78f5bffcae5c6b5be75", size = 183402, upload-time = "2025-09-08T23:23:15.535Z" },
    { url = "https://files.pythonhosted.org/packages/cb/0e/02ceeec9a7d6ee63bb596121c2c8e9b3a9e150936f4fbef6ca1943e6137c/cffi-2.0.0-cp313-cp313-win_arm64.whl", hash = "sha256:256f80b80ca3853f90c21b23ee78cd008713787b1b1e93eae9f3d6a7134abd91", size = 177780, upload-time = "2025-09-08T23:23:16.761Z" },
]

[[package]]
name = "charset-normalizer"
version = "3.4.4"
source = { registry = "https://pypi.org/simple" }
sdist = { url = "https://files.pythonhosted.org/packages/13/69/33ddede1939fdd074bce5434295f38fae7136463422fe4fd3e0e89b98062/charset_normalizer-3.4.4.tar.gz", hash = "sha256:94537985111c35f28720e43603b8e7b43a6ecfb2ce1d3058bbe955b73404e21a", size = 129418, upload-time = "2025-10-14T04:42:32.879Z" }
wheels = [
    { url = "https://files.pythonhosted.org/packages/89/66/c7a9e1b7429be72123441bfdbaf2bc13faab3f90b933f664db506dea5915/charset_normalizer-3.4.4-cp313-cp313-win32.whl", hash = "sha256:9b35f4c90079ff2e2edc5b26c0c77925e5d2d255c42c74fdb70fb49b172726ac", size = 99404, upload-time = "2025-10-14T04:41:29.95Z" },
    { url = "https://files.pythonhosted.org/packages/c4/26/b9924fa27db384bdcd97ab83b4f0a8058d96ad9626ead570674d5e737d90/charset_normalizer-3.4.4-cp313-cp313-win_amd64.whl", hash = "sha256:b435cba5f4f750aa6c0a0d92c541fb79f69a387c91e61f1795227e4ed9cece14", size = 107092, upload-time = "2025-10-14T04:41:31.188Z" },
    { url = "https://files.pythonhosted.org/packages/af/8f/3ed4bfa0c0c72a7ca17f0380cd9e4dd842b09f664e780c13cff1dcf2ef1b/charset_normalizer-3.4.4-cp313-cp313-win_arm64.whl", hash = "sha256:542d2cee80be6f80247095cc36c418f7bddd14f4a6de45af91dfad36d817bba2", size = 100408, upload-time = "2025-10-14T04:41:32.624Z" },
    { url = "https://files.pythonhosted.org/packages/0a/4c/925909008ed5a988ccbb72dcc897407e5d6d3bd72410d69e051fc0c14647/charset_normalizer-3.4.4-py3-none-any.whl", hash = "sha256:7a32c560861a02ff789ad905a2fe94e3f840803362c84fecf1851cb4cf3dc37f", size = 53402, upload-time = "2025-10-14T04:42:31.76Z" },
]

[[package]]
name = "comtypes"
version = "1.4.11"
source = { registry = "https://pypi.org/simple" }
sdist = { url = "https://files.pythonhosted.org/packages/3c/b9/4431119a640f568190499fd76fac4b4ccb5695659c4b3aac570329c150ea/comtypes-1.4.11.zip", hash = "sha256:0a4259370ec48b685fe4483b0944ba1df0aa45163922073fe9b7df1d187db09e", size = 272448, upload-time = "2025-05-14T23:32:11.608Z" }
wheels = [
    { url = "https://files.pythonhosted.org/packages/f1/f4/7b7fdbb613992013c4518a0bf8fee2915f79ec07bcfa6180569bca7fa8ef/comtypes-1.4.11-py3-none-any.whl", hash = "sha256:1760d5059ca7ca1d61b574c998378d879c271a86c41f88926619ea97497592bb", size = 246365, upload-time = "2025-05-14T23:32:10.427Z" },
]

[[package]]
name = "configobj"
version = "5.1.0.dev0"
source = { git = "https://github.com/DiffSK/configobj?rev=8be54629ee7c26acb5c865b74c76284e80f3aa31#8be54629ee7c26acb5c865b74c76284e80f3aa31" }

[[package]]
name = "cryptography"
version = "44.0.1"
source = { registry = "https://pypi.org/simple" }
dependencies = [
    { name = "cffi", marker = "platform_python_implementation != 'PyPy' and sys_platform == 'win32'" },
]
sdist = { url = "https://files.pythonhosted.org/packages/c7/67/545c79fe50f7af51dbad56d16b23fe33f63ee6a5d956b3cb68ea110cbe64/cryptography-44.0.1.tar.gz", hash = "sha256:f51f5705ab27898afda1aaa430f34ad90dc117421057782022edf0600bec5f14", size = 710819, upload-time = "2025-02-11T15:50:58.39Z" }
wheels = [
    { url = "https://files.pythonhosted.org/packages/38/78/74ea9eb547d13c34e984e07ec8a473eb55b19c1451fe7fc8077c6a4b0548/cryptography-44.0.1-cp37-abi3-win32.whl", hash = "sha256:24979e9f2040c953a94bf3c6782e67795a4c260734e5264dceea65c8f4bae64a", size = 2771882, upload-time = "2025-02-11T15:50:01.478Z" },
    { url = "https://files.pythonhosted.org/packages/cf/6c/3907271ee485679e15c9f5e93eac6aa318f859b0aed8d369afd636fafa87/cryptography-44.0.1-cp37-abi3-win_amd64.whl", hash = "sha256:fd0ee90072861e276b0ff08bd627abec29e32a53b2be44e41dbcdf87cbee2b00", size = 3206989, upload-time = "2025-02-11T15:50:03.312Z" },
    { url = "https://files.pythonhosted.org/packages/30/6f/4eca9e2e0f13ae459acd1ca7d9f0257ab86e68f44304847610afcb813dc9/cryptography-44.0.1-cp39-abi3-win32.whl", hash = "sha256:9b336599e2cb77b1008cb2ac264b290803ec5e8e89d618a5e978ff5eb6f715d9", size = 2772371, upload-time = "2025-02-11T15:50:29.997Z" },
    { url = "https://files.pythonhosted.org/packages/d2/05/5533d30f53f10239616a357f080892026db2d550a40c393d0a8a7af834a9/cryptography-44.0.1-cp39-abi3-win_amd64.whl", hash = "sha256:e403f7f766ded778ecdb790da786b418a9f2394f36e8cc8b796cc056ab05f44f", size = 3207303, upload-time = "2025-02-11T15:50:32.258Z" },
]

[[package]]
name = "idna"
version = "3.11"
source = { registry = "https://pypi.org/simple" }
sdist = { url = "https://files.pythonhosted.org/packages/6f/6d/0703ccc57f3a7233505399edb88de3cbd678da106337b9fcde432b65ed60/idna-3.11.tar.gz", hash = "sha256:795dafcc9c04ed0c1fb032c2aa73654d8e8c5023a7df64a53f39190ada629902", size = 194582, upload-time = "2025-10-12T14:55:20.501Z" }
wheels = [
    { url = "https://files.pythonhosted.org/packages/0e/61/66938bbb5fc52dbdf84594873d5b51fb1f7c7794e9c0f5bd885f30bc507b/idna-3.11-py3-none-any.whl", hash = "sha256:771a87f49d9defaf64091e6e6fe9c18d4833f140bd19464795bc32d966ca37ea", size = 71008, upload-time = "2025-10-12T14:55:18.883Z" },
]

[[package]]
name = "msgpack"
version = "1.1.2"
source = { registry = "https://pypi.org/simple" }
sdist = { url = "https://files.pythonhosted.org/packages/4d/f2/bfb55a6236ed8725a96b0aa3acbd0ec17588e6a2c3b62a93eb513ed8783f/msgpack-1.1.2.tar.gz", hash = "sha256:3b60763c1373dd60f398488069bcdc703cd08a711477b5d480eecc9f9626f47e", size = 173581, upload-time = "2025-10-08T09:15:56.596Z" }
wheels = [
    { url = "https://files.pythonhosted.org/packages/67/32/f3cd1667028424fa7001d82e10ee35386eea1408b93d399b09fb0aa7875f/msgpack-1.1.2-cp313-cp313-win32.whl", hash = "sha256:a7787d353595c7c7e145e2331abf8b7ff1e6673a6b974ded96e6d4ec09f00c8c", size = 65037, upload-time = "2025-10-08T09:15:21.416Z" },
    { url = "https://files.pythonhosted.org/packages/74/07/1ed8277f8653c40ebc65985180b007879f6a836c525b3885dcc6448ae6cb/msgpack-1.1.2-cp313-cp313-win_amd64.whl", hash = "sha256:a465f0dceb8e13a487e54c07d04ae3ba131c7c5b95e2612596eafde1dccf64a9", size = 72631, upload-time = "2025-10-08T09:15:22.431Z" },
    { url = "https://files.pythonhosted.org/packages/e5/db/0314e4e2db56ebcf450f277904ffd84a7988b9e5da8d0d61ab2d057df2b6/msgpack-1.1.2-cp313-cp313-win_arm64.whl", hash = "sha256:e69b39f8c0aa5ec24b57737ebee40be647035158f14ed4b40e6f150077e21a84", size = 64118, upload-time = "2025-10-08T09:15:23.402Z" },
]

[[package]]
name = "nvda-art-runtime-builder-x86"
source = { editable = "." }
dependencies = [
    { name = "comtypes", marker = "sys_platform == 'win32'" },
    { name = "configobj", marker = "sys_platform == 'win32'" },
    { name = "cryptography", marker = "sys_platform == 'win32'" },
    { name = "msgpack", marker = "sys_platform == 'win32'" },
    { name = "pynacl", marker = "sys_platform == 'win32'" },
    { name = "pyro5", marker = "sys_platform == 'win32'" },
    { name = "pyserial", marker = "sys_platform == 'win32'" },
    { name = "pywin32", marker = "sys_platform == 'win32'" },
    { name = "requests", marker = "sys_platform == 'win32'" },
    { name = "schedule", marker = "sys_platform == 'win32'" },
    { name = "url-normalize", marker = "sys_platform == 'win32'" },
    { name = "wxpython", marker = "sys_platform == 'win32'" },
]

[package.dev-dependencies]
dev = [
    { name = "py2exe", marker = "sys_platform == 'win32'" },
    { name = "setuptools", marker = "sys_platform == 'win32'" },
]

[package.metadata]
requires-dist = [
    { name = "comtypes", specifier = "==1.4.11" },
    { name = "configobj", git = "https://github.com/DiffSK/configobj?rev=8be54629ee7c26acb5c865b74c76284e80f3aa31" },
    { name = "cryptography", specifier = "==44.0.1" },
    { name = "msgpack", specifier = ">=1.1.1" },
    { name = "pynacl", specifier = ">=1.5.0" },
    { name = "pyro5", specifier = ">=5.15" },
    { name = "pyserial", specifier = "==3.5" },
    { name = "pywin32" },
    { name = "requests", specifier = "==2.32.3" },
    { name = "schedule", specifier = "==1.2.2" },
    { name = "url-normalize", specifier = "==1.4.3" },
    { name = "wxpython", specifier = "==4.2.3" },
]

[package.metadata.requires-dev]
dev = [
    { name = "py2exe", specifier = "==0.14.0.0" },
    { name = "setuptools", specifier = "~=72.0" },
]

[[package]]
name = "pefile"
version = "2024.8.26"
source = { registry = "https://pypi.org/simple" }
sdist = { url = "https://files.pythonhosted.org/packages/03/4f/2750f7f6f025a1507cd3b7218691671eecfd0bbebebe8b39aa0fe1d360b8/pefile-2024.8.26.tar.gz", hash = "sha256:3ff6c5d8b43e8c37bb6e6dd5085658d658a7a0bdcd20b6a07b1fcfc1c4e9d632", size = 76008, upload-time = "2024-08-26T20:58:38.155Z" }
wheels = [
    { url = "https://files.pythonhosted.org/packages/54/16/12b82f791c7f50ddec566873d5bdd245baa1491bac11d15ffb98aecc8f8b/pefile-2024.8.26-py3-none-any.whl", hash = "sha256:76f8b485dcd3b1bb8166f1128d395fa3d87af26360c2358fb75b80019b957c6f", size = 74766, upload-time = "2024-08-26T21:01:02.632Z" },
]

[[package]]
name = "py2exe"
version = "0.14.0.0"
source = { registry = "https://pypi.org/simple" }
dependencies = [
    { name = "cachetools", marker = "sys_platform == 'win32'" },
    { name = "pefile", marker = "sys_platform == 'win32'" },
]
wheels = [
    { url = "https://files.pythonhosted.org/packages/cb/d1/78ae34c98c56e7b78b3da5765ad22e356d07d935b4cb55f9c5cb036c44cc/py2exe-0.14.0.0-cp313-cp313-win32.whl", hash = "sha256:5b1221a77a63d63eca7c901b80a2c033380c388615ab99245b1c85cb0ea00ebb", size = 148954, upload-time = "2025-07-16T08:42:02.505Z" },
    { url = "https://files.pythonhosted.org/packages/00/c1/a2489ac7d7e38ccf0e8bce590078aefaec00f8e00923814307377f83c78a/py2exe-0.14.0.0-cp313-cp313-win_amd64.whl", hash = "sha256:ecf5a5e60aba6f66f99fe5a08d3dea3e1c2ee45f3da83ebe3eec961942c2cdf3", size = 156475, upload-time = "2025-07-16T08:42:03.705Z" },
]

[[package]]
name = "pycparser"
version = "2.23"
source = { registry = "https://pypi.org/simple" }
sdist = { url = "https://files.pythonhosted.org/packages/fe/cf/d2d3b9f5699fb1e4615c8e32ff220203e43b248e1dfcc6736ad9057731ca/pycparser-2.23.tar.gz", hash = "sha256:78816d4f24add8f10a06d6f05b4d424ad9e96cfebf68a4ddc99c65c0720d00c2", size = 173734, upload-time = "2025-09-09T13:23:47.91Z" }
wheels = [
    { url = "https://files.pythonhosted.org/packages/a0/e3/59cd50310fc9b59512193629e1984c1f95e5c8ae6e5d8c69532ccc65a7fe/pycparser-2.23-py3-none-any.whl", hash = "sha256:e5c6e8d3fbad53479cab09ac03729e0a9faf2bee3db8208a550daf5af81a5934", size = 118140, upload-time = "2025-09-09T13:23:46.651Z" },
]

[[package]]
name = "pynacl"
version = "1.6.0"
source = { registry = "https://pypi.org/simple" }
dependencies = [
    { name = "cffi", marker = "platform_python_implementation != 'PyPy' and sys_platform == 'win32'" },
]
sdist = { url = "https://files.pythonhosted.org/packages/06/c6/a3124dee667a423f2c637cfd262a54d67d8ccf3e160f3c50f622a85b7723/pynacl-1.6.0.tar.gz", hash = "sha256:cb36deafe6e2bce3b286e5d1f3e1c246e0ccdb8808ddb4550bb2792f2df298f2", size = 3505641, upload-time = "2025-09-10T23:39:22.308Z" }
wheels = [
    { url = "https://files.pythonhosted.org/packages/35/2c/ee0b373a1861f66a7ca8bdb999331525615061320dd628527a50ba8e8a60/pynacl-1.6.0-cp38-abi3-win32.whl", hash = "sha256:dcdeb41c22ff3c66eef5e63049abf7639e0db4edee57ba70531fc1b6b133185d", size = 226461, upload-time = "2025-09-10T23:39:11.894Z" },
    { url = "https://files.pythonhosted.org/packages/75/f7/41b6c0b9dd9970173b6acc026bab7b4c187e4e5beef2756d419ad65482da/pynacl-1.6.0-cp38-abi3-win_amd64.whl", hash = "sha256:cf831615cc16ba324240de79d925eacae8265b7691412ac6b24221db157f6bd1", size = 238802, upload-time = "2025-09-10T23:39:08.966Z" },
    { url = "https://files.pythonhosted.org/packages/8e/0f/462326910c6172fa2c6ed07922b22ffc8e77432b3affffd9e18f444dbfbb/pynacl-1.6.0-cp38-abi3-win_arm64.whl", hash = "sha256:84709cea8f888e618c21ed9a0efdb1a59cc63141c403db8bf56c469b71ad56f2", size = 183846, upload-time = "2025-09-10T23:39:10.552Z" },
]

[[package]]
name = "pyro5"
version = "5.15"
source = { registry = "https://pypi.org/simple" }
dependencies = [
    { name = "serpent", marker = "sys_platform == 'win32'" },
]
sdist = { url = "https://files.pythonhosted.org/packages/46/53/d0fb4625ecf2fdbe83211a4b7e384b8deec95989330451b53b25ddc6f79a/Pyro5-5.15.tar.gz", hash = "sha256:82c3dfc9860b49f897b28ff24fe6716c841672c600af8fe40d0e3a7fac9a3f5e", size = 447559, upload-time = "2023-10-18T20:42:58.476Z" }
wheels = [
    { url = "https://files.pythonhosted.org/packages/85/32/1c7e488f82c59189e917bfedb926b1c2b87104c8d31c8323a5aa5e1fc603/Pyro5-5.15-py3-none-any.whl", hash = "sha256:4d85428ed75985e63f159d2486ad5680743ea76f766340fd30b65dd20f83d471", size = 79110, upload-time = "2023-10-18T20:42:56.119Z" },
]

[[package]]
name = "pyserial"
version = "3.5"
source = { registry = "https://pypi.org/simple" }
sdist = { url = "https://files.pythonhosted.org/packages/1e/7d/ae3f0a63f41e4d2f6cb66a5b57197850f919f59e558159a4dd3a818f5082/pyserial-3.5.tar.gz", hash = "sha256:3c77e014170dfffbd816e6ffc205e9842efb10be9f58ec16d3e8675b4925cddb", size = 159125, upload-time = "2020-11-23T03:59:15.045Z" }
wheels = [
    { url = "https://files.pythonhosted.org/packages/07/bc/587a445451b253b285629263eb51c2d8e9bcea4fc97826266d186f96f558/pyserial-3.5-py2.py3-none-any.whl", hash = "sha256:c4451db6ba391ca6ca299fb3ec7bae67a5c55dde170964c7a14ceefec02f2cf0", size = 90585, upload-time = "2020-11-23T03:59:13.41Z" },
]

[[package]]
name = "pywin32"
version = "311"
source = { registry = "https://pypi.org/simple" }
wheels = [
    { url = "https://files.pythonhosted.org/packages/a5/be/3fd5de0979fcb3994bfee0d65ed8ca9506a8a1260651b86174f6a86f52b3/pywin32-311-cp313-cp313-win32.whl", hash = "sha256:f95ba5a847cba10dd8c4d8fefa9f2a6cf283b8b88ed6178fa8a6c1ab16054d0d", size = 8705700, upload-time = "2025-07-14T20:13:26.471Z" },
    { url = "https://files.pythonhosted.org/packages/e3/28/e0a1909523c6890208295a29e05c2adb2126364e289826c0a8bc7297bd5c/pywin32-311-cp313-cp313-win_amd64.whl", hash = "sha256:718a38f7e5b058e76aee1c56ddd06908116d35147e133427e59a3983f703a20d", size = 9494700, upload-time = "2025-07-14T20:13:28.243Z" },
    { url = "https://files.pythonhosted.org/packages/04/bf/90339ac0f55726dce7d794e6d79a18a91265bdf3aa70b6b9ca52f35e022a/pywin32-311-cp313-cp313-win_arm64.whl", hash = "sha256:7b4075d959648406202d92a2310cb990fea19b535c7f4a78d3f5e10b926eeb8a", size = 8709318, upload-time = "2025-07-14T20:13:30.348Z" },
]

[[package]]
name = "requests"
version = "2.32.3"
source = { registry = "https://pypi.org/simple" }
dependencies = [
    { name = "certifi", marker = "sys_platform == 'win32'" },
    { name = "charset-normalizer", marker = "sys_platform == 'win32'" },
    { name = "idna", marker = "sys_platform == 'win32'" },
    { name = "urllib3", marker = "sys_platform == 'win32'" },
]
sdist = { url = "https://files.pythonhosted.org/packages/63/70/2bf7780ad2d390a8d301ad0b550f1581eadbd9a20f896afe06353c2a2913/requests-2.32.3.tar.gz", hash = "sha256:55365417734eb18255590a9ff9eb97e9e1da868d4ccd6402399eaf68af20a760", size = 131218, upload-time = "2024-05-29T15:37:49.536Z" }
wheels = [
    { url = "https://files.pythonhosted.org/packages/f9/9b/335f9764261e915ed497fcdeb11df5dfd6f7bf257d4a6a2a686d80da4d54/requests-2.32.3-py3-none-any.whl", hash = "sha256:70761cfe03c773ceb22aa2f671b4757976145175cdfca038c02654d061d6dcc6", size = 64928, upload-time = "2024-05-29T15:37:47.027Z" },
]

[[package]]
name = "schedule"
version = "1.2.2"
source = { registry = "https://pypi.org/simple" }
sdist = { url = "https://files.pythonhosted.org/packages/0c/91/b525790063015759f34447d4cf9d2ccb52cdee0f1dd6ff8764e863bcb74c/schedule-1.2.2.tar.gz", hash = "sha256:15fe9c75fe5fd9b9627f3f19cc0ef1420508f9f9a46f45cd0769ef75ede5f0b7", size = 26452, upload-time = "2024-06-18T20:03:14.633Z" }
wheels = [
    { url = "https://files.pythonhosted.org/packages/20/a7/84c96b61fd13205f2cafbe263cdb2745965974bdf3e0078f121dfeca5f02/schedule-1.2.2-py3-none-any.whl", hash = "sha256:5bef4a2a0183abf44046ae0d164cadcac21b1db011bdd8102e4a0c1e91e06a7d", size = 12220, upload-time = "2024-05-25T18:41:59.121Z" },
]

[[package]]
name = "serpent"
version = "1.42"
source = { registry = "https://pypi.org/simple" }
sdist = { url = "https://files.pythonhosted.org/packages/06/3c/7ecf39b48121cb6490634bfcb1b1c5cac7d7a216805d889b0676a2e8493f/serpent-1.42.tar.gz", hash = "sha256:8ea082b01f8ba07ecd74e34a9118ac4521bc4594938d912b808c89f1da425506", size = 90352, upload-time = "2025-10-26T21:58:13.871Z" }
wheels = [
    { url = "https://files.pythonhosted.org/packages/07/24/73031e6bd25d8f94811b3752b0b217efbdb20a67b65c6838c9af4e50c2e2/serpent-1.42-py3-none-any.whl", hash = "sha256:a02f5a4fcf3b41ee6204b36c3cf026bf0433ffe15b6a7fc8a37e0bff74d87575", size = 9663, upload-time = "2025-10-26T21:58:12.565Z" },
]

[[package]]
name = "setuptools"
version = "72.2.0"
source = { registry = "https://pypi.org/simple" }
sdist = { url = "https://files.pythonhosted.org/packages/ce/ef/013ded5b0d259f3fa636bf35de186f0061c09fbe124020ce6b8db68c83af/setuptools-72.2.0.tar.gz", hash = "sha256:80aacbf633704e9c8bfa1d99fa5dd4dc59573efcf9e4042c13d3bcef91ac2ef9", size = 2419230, upload-time = "2024-08-13T15:17:44.357Z" }
wheels = [
    { url = "https://files.pythonhosted.org/packages/6e/ec/06715d912351edc453e37f93f3fc80dcffd5ca0e70386c87529aca296f05/setuptools-72.2.0-py3-none-any.whl", hash = "sha256:f11dd94b7bae3a156a95ec151f24e4637fb4fa19c878e4d191bfb8b2d82728c4", size = 2336658, upload-time = "2024-08-13T15:17:42.459Z" },
]

[[package]]
name = "six"
version = "1.17.0"
source = { registry = "https://pypi.org/simple" }
sdist = { url = "https://files.pythonhosted.org/packages/94/e7/b2c673351809dca68a0e064b6af791aa332cf192da575fd474ed7d6f16a2/six-1.17.0.tar.gz", hash = "sha256:ff70335d468e7eb6ec65b95b99d3a2836546063f63acc5171de367e834932a81", size = 34031, upload-time = "2024-12-04T17:35:28.174Z" }
wheels = [
    { url = "https://files.pythonhosted.org/packages/b7/ce/149a00dd41f10bc29e5921b496af8b574d8413afcd5e30dfa0ed46c2cc5e/six-1.17.0-py2.py3-none-any.whl", hash = "sha256:4721f391ed90541fddacab5acf947aa0d3dc7d27b2e1e8eda2be8970586c3274", size = 11050, upload-time = "2024-12-04T17:35:26.475Z" },
]

[[package]]
name = "url-normalize"
version = "1.4.3"
source = { registry = "https://pypi.org/simple" }
dependencies = [
    { name = "six", marker = "sys_platform == 'win32'" },
]
sdist = { url = "https://files.pythonhosted.org/packages/ec/ea/780a38c99fef750897158c0afb83b979def3b379aaac28b31538d24c4e8f/url-normalize-1.4.3.tar.gz", hash = "sha256:d23d3a070ac52a67b83a1c59a0e68f8608d1cd538783b401bc9de2c0fac999b2", size = 6024, upload-time = "2020-10-26T02:07:11.438Z" }
wheels = [
    { url = "https://files.pythonhosted.org/packages/65/1c/6c6f408be78692fc850006a2b6dea37c2b8592892534e09996e401efc74b/url_normalize-1.4.3-py2.py3-none-any.whl", hash = "sha256:ec3c301f04e5bb676d333a7fa162fa977ad2ca04b7e652bfc9fac4e405728eed", size = 6804, upload-time = "2020-10-26T02:07:13.218Z" },
]

[[package]]
name = "urllib3"
version = "2.5.0"
source = { registry = "https://pypi.org/simple" }
sdist = { url = "https://files.pythonhosted.org/packages/15/22/9ee70a2574a4f4599c47dd506532914ce044817c7752a79b6a51286319bc/urllib3-2.5.0.tar.gz", hash = "sha256:3fc47733c7e419d4bc3f6b3dc2b4f890bb743906a30d56ba4a5bfa4bbff92760", size = 393185, upload-time = "2025-06-18T14:07:41.644Z" }
wheels = [
    { url = "https://files.pythonhosted.org/packages/a7/c2/fe1e52489ae3122415c51f387e221dd0773709bad6c6cdaa599e8a2c5185/urllib3-2.5.0-py3-none-any.whl", hash = "sha256:e6b01673c0fa6a13e374b50871808eb3bf7046c4b125b216f6bf1cc604cff0dc", size = 129795, upload-time = "2025-06-18T14:07:40.39Z" },
]

[[package]]
name = "wxpython"
version = "4.2.3"
source = { registry = "https://pypi.org/simple" }
sdist = { url = "https://files.pythonhosted.org/packages/4c/d9/4451392d3d6ba45aa23aa77a6f1a9970b43351b956bf61e10fd513a1dc38/wxPython-4.2.3.tar.gz", hash = "sha256:20d6e0c927e27ced85643719bd63e9f7fd501df6e9a8aab1489b039897fd7c01", size = 58861286, upload-time = "2025-04-10T02:49:43.557Z" }
wheels = [
    { url = "https://files.pythonhosted.org/packages/9e/42/fe653ffb7817d09cbc146bb67ace7fc690bdbe2739bbe472f99d8c51b01c/wxpython-4.2.3-cp313-cp313-win32.whl", hash = "sha256:676aeb82d64d3d3cb94210e882a508bb1013de5fb55917f54f8dd2c1483f9110", size = 14507572, upload-time = "2025-04-10T02:49:20.927Z" },
    { url = "https://files.pythonhosted.org/packages/83/5c/1692523ab503b34065add84f184e1b0e4b6af6b5bde6447666a0d192b29d/wxpython-4.2.3-cp313-cp313-win_amd64.whl", hash = "sha256:dac14ea1b04d90b403414f0401704beecae0d3e7143755a20da0ac2cfec02bf9", size = 16566260, upload-time = "2025-04-10T02:49:24.378Z" },
    { url = "https://files.pythonhosted.org/packages/d7/e6/77ec1e33b878078bd603271a61ca8260b4c7edf780bd5b61116a98637240/wxpython-4.2.3-cp313-cp313-win_arm64.whl", hash = "sha256:81c551460392040fddbf2ced6e477a0b842b8a1598c68c5c7bc5580d373cf108", size = 15535083, upload-time = "2025-09-07T15:12:19.383Z" },
]
