version = 1
revision = 3
requires-python = "==3.13.*"
resolution-markers = [
    "sys_platform == 'win32'",
]
supported-markers = [
    "sys_platform == 'win32'",
]

[[package]]
name = "cachetools"
version = "6.2.2"
source = { registry = "https://pypi.org/simple" }
sdist = { url = "https://files.pythonhosted.org/packages/fb/44/ca1675be2a83aeee1886ab745b28cda92093066590233cc501890eb8417a/cachetools-6.2.2.tar.gz", hash = "sha256:8e6d266b25e539df852251cfd6f990b4bc3a141db73b939058d809ebd2590fc6", size = 31571, upload-time = "2025-11-13T17:42:51.465Z" }
wheels = [
    { url = "https://files.pythonhosted.org/packages/e6/46/eb6eca305c77a4489affe1c5d8f4cae82f285d9addd8de4ec084a7184221/cachetools-6.2.2-py3-none-any.whl", hash = "sha256:6c09c98183bf58560c97b2abfcedcbaf6a896a490f534b031b661d3723b45ace", size = 11503, upload-time = "2025-11-13T17:42:50.232Z" },
]

[[package]]
name = "comtypes"
version = "1.4.11"
source = { registry = "https://pypi.org/simple" }
sdist = { url = "https://files.pythonhosted.org/packages/3c/b9/4431119a640f568190499fd76fac4b4ccb5695659c4b3aac570329c150ea/comtypes-1.4.11.zip", hash = "sha256:0a4259370ec48b685fe4483b0944ba1df0aa45163922073fe9b7df1d187db09e", size = 272448, upload-time = "2025-05-14T23:32:11.608Z" }
wheels = [
    { url = "https://files.pythonhosted.org/packages/f1/f4/7b7fdbb613992013c4518a0bf8fee2915f79ec07bcfa6180569bca7fa8ef/comtypes-1.4.11-py3-none-any.whl", hash = "sha256:1760d5059ca7ca1d61b574c998378d879c271a86c41f88926619ea97497592bb", size = 246365, upload-time = "2025-05-14T23:32:10.427Z" },
]

[[package]]
name = "configobj"
version = "5.0.9"
source = { registry = "https://pypi.org/simple" }
sdist = { url = "https://files.pythonhosted.org/packages/f5/c4/c7f9e41bc2e5f8eeae4a08a01c91b2aea3dfab40a3e14b25e87e7db8d501/configobj-5.0.9.tar.gz", hash = "sha256:03c881bbf23aa07bccf1b837005975993c4ab4427ba57f959afdd9d1a2386848", size = 101518, upload-time = "2024-09-21T12:47:46.315Z" }
wheels = [
    { url = "https://files.pythonhosted.org/packages/a6/c4/0679472c60052c27efa612b4cd3ddd2a23e885dcdc73461781d2c802d39e/configobj-5.0.9-py2.py3-none-any.whl", hash = "sha256:1ba10c5b6ee16229c79a05047aeda2b55eb4e80d7c7d8ecf17ec1ca600c79882", size = 35615, upload-time = "2024-11-26T14:03:32.972Z" },
]

[[package]]
name = "pefile"
version = "2024.8.26"
source = { registry = "https://pypi.org/simple" }
sdist = { url = "https://files.pythonhosted.org/packages/03/4f/2750f7f6f025a1507cd3b7218691671eecfd0bbebebe8b39aa0fe1d360b8/pefile-2024.8.26.tar.gz", hash = "sha256:3ff6c5d8b43e8c37bb6e6dd5085658d658a7a0bdcd20b6a07b1fcfc1c4e9d632", size = 76008, upload-time = "2024-08-26T20:58:38.155Z" }
wheels = [
    { url = "https://files.pythonhosted.org/packages/54/16/12b82f791c7f50ddec566873d5bdd245baa1491bac11d15ffb98aecc8f8b/pefile-2024.8.26-py3-none-any.whl", hash = "sha256:76f8b485dcd3b1bb8166f1128d395fa3d87af26360c2358fb75b80019b957c6f", size = 74766, upload-time = "2024-08-26T21:01:02.632Z" },
]

[[package]]
name = "plumbum"
version = "1.10.0"
source = { registry = "https://pypi.org/simple" }
dependencies = [
    { name = "pywin32", marker = "platform_python_implementation != 'PyPy' and sys_platform == 'win32'" },
]
sdist = { url = "https://files.pythonhosted.org/packages/dc/c8/11a5f792704b70f071a3dbc329105a98e9cc8d25daaf09f733c44eb0ef8e/plumbum-1.10.0.tar.gz", hash = "sha256:f8cbf0ecec0b73ff4e349398b65112a9e3f9300e7dc019001217dcc148d5c97c", size = 320039, upload-time = "2025-10-31T05:02:48.697Z" }
wheels = [
    { url = "https://files.pythonhosted.org/packages/79/ad/45312df6b63ba64ea35b8d8f5f0c577aac16e6b416eafe8e1cb34e03f9a7/plumbum-1.10.0-py3-none-any.whl", hash = "sha256:9583d737ac901c474d99d030e4d5eec4c4e6d2d7417b1cf49728cf3be34f6dc8", size = 127383, upload-time = "2025-10-31T05:02:47.002Z" },
]

[[package]]
name = "py2exe"
version = "0.14.0.0"
source = { registry = "https://pypi.org/simple" }
dependencies = [
    { name = "cachetools", marker = "sys_platform == 'win32'" },
    { name = "pefile", marker = "sys_platform == 'win32'" },
]
wheels = [
    { url = "https://files.pythonhosted.org/packages/cb/d1/78ae34c98c56e7b78b3da5765ad22e356d07d935b4cb55f9c5cb036c44cc/py2exe-0.14.0.0-cp313-cp313-win32.whl", hash = "sha256:5b1221a77a63d63eca7c901b80a2c033380c388615ab99245b1c85cb0ea00ebb", size = 148954, upload-time = "2025-07-16T08:42:02.505Z" },
    { url = "https://files.pythonhosted.org/packages/00/c1/a2489ac7d7e38ccf0e8bce590078aefaec00f8e00923814307377f83c78a/py2exe-0.14.0.0-cp313-cp313-win_amd64.whl", hash = "sha256:ecf5a5e60aba6f66f99fe5a08d3dea3e1c2ee45f3da83ebe3eec961942c2cdf3", size = 156475, upload-time = "2025-07-16T08:42:03.705Z" },
]

[[package]]
name = "pyserial"
version = "3.5"
source = { registry = "https://pypi.org/simple" }
sdist = { url = "https://files.pythonhosted.org/packages/1e/7d/ae3f0a63f41e4d2f6cb66a5b57197850f919f59e558159a4dd3a818f5082/pyserial-3.5.tar.gz", hash = "sha256:3c77e014170dfffbd816e6ffc205e9842efb10be9f58ec16d3e8675b4925cddb", size = 159125, upload-time = "2020-11-23T03:59:15.045Z" }
wheels = [
    { url = "https://files.pythonhosted.org/packages/07/bc/587a445451b253b285629263eb51c2d8e9bcea4fc97826266d186f96f558/pyserial-3.5-py2.py3-none-any.whl", hash = "sha256:c4451db6ba391ca6ca299fb3ec7bae67a5c55dde170964c7a14ceefec02f2cf0", size = 90585, upload-time = "2020-11-23T03:59:13.41Z" },
]

[[package]]
name = "pywin32"
version = "311"
source = { registry = "https://pypi.org/simple" }
wheels = [
    { url = "https://files.pythonhosted.org/packages/a5/be/3fd5de0979fcb3994bfee0d65ed8ca9506a8a1260651b86174f6a86f52b3/pywin32-311-cp313-cp313-win32.whl", hash = "sha256:f95ba5a847cba10dd8c4d8fefa9f2a6cf283b8b88ed6178fa8a6c1ab16054d0d", size = 8705700, upload-time = "2025-07-14T20:13:26.471Z" },
    { url = "https://files.pythonhosted.org/packages/e3/28/e0a1909523c6890208295a29e05c2adb2126364e289826c0a8bc7297bd5c/pywin32-311-cp313-cp313-win_amd64.whl", hash = "sha256:718a38f7e5b058e76aee1c56ddd06908116d35147e133427e59a3983f703a20d", size = 9494700, upload-time = "2025-07-14T20:13:28.243Z" },
    { url = "https://files.pythonhosted.org/packages/04/bf/90339ac0f55726dce7d794e6d79a18a91265bdf3aa70b6b9ca52f35e022a/pywin32-311-cp313-cp313-win_arm64.whl", hash = "sha256:7b4075d959648406202d92a2310cb990fea19b535c7f4a78d3f5e10b926eeb8a", size = 8709318, upload-time = "2025-07-14T20:13:30.348Z" },
]

[[package]]
name = "rpyc"
version = "6.0.2"
source = { registry = "https://pypi.org/simple" }
dependencies = [
    { name = "plumbum", marker = "sys_platform == 'win32'" },
]
sdist = { url = "https://files.pythonhosted.org/packages/8b/e7/1c17410673b634f4658bb5d2232d0c4507432a97508b2c6708e59481644a/rpyc-6.0.2.tar.gz", hash = "sha256:8e780a6a71b842128a80a337c64adfb6f919014e069951832161c9efc630c93b", size = 62321, upload-time = "2025-04-18T16:33:21.693Z" }
wheels = [
    { url = "https://files.pythonhosted.org/packages/3f/99/2e119d541d596daea39643eb9312b47c7847383951300f889166938035b1/rpyc-6.0.2-py3-none-any.whl", hash = "sha256:8072308ad30725bc281c42c011fc8c922be15f3eeda6eafb2917cafe1b6f00ec", size = 74768, upload-time = "2025-04-18T16:33:20.147Z" },
]

[[package]]
name = "setuptools"
version = "72.2.0"
source = { registry = "https://pypi.org/simple" }
sdist = { url = "https://files.pythonhosted.org/packages/ce/ef/013ded5b0d259f3fa636bf35de186f0061c09fbe124020ce6b8db68c83af/setuptools-72.2.0.tar.gz", hash = "sha256:80aacbf633704e9c8bfa1d99fa5dd4dc59573efcf9e4042c13d3bcef91ac2ef9", size = 2419230, upload-time = "2024-08-13T15:17:44.357Z" }
wheels = [
    { url = "https://files.pythonhosted.org/packages/6e/ec/06715d912351edc453e37f93f3fc80dcffd5ca0e70386c87529aca296f05/setuptools-72.2.0-py3-none-any.whl", hash = "sha256:f11dd94b7bae3a156a95ec151f24e4637fb4fa19c878e4d191bfb8b2d82728c4", size = 2336658, upload-time = "2024-08-13T15:17:42.459Z" },
]

[[package]]
name = "synthdriverhost32-runtime-builder"
source = { editable = "." }
dependencies = [
    { name = "comtypes", marker = "sys_platform == 'win32'" },
    { name = "configobj", marker = "sys_platform == 'win32'" },
    { name = "pyserial", marker = "sys_platform == 'win32'" },
    { name = "rpyc", marker = "sys_platform == 'win32'" },
]

[package.dev-dependencies]
dev = [
    { name = "py2exe", marker = "sys_platform == 'win32'" },
    { name = "setuptools", marker = "sys_platform == 'win32'" },
]

[package.metadata]
requires-dist = [
    { name = "comtypes", specifier = "==1.4.11" },
    { name = "configobj" },
    { name = "pyserial", specifier = "==3.5" },
    { name = "rpyc" },
]

[package.metadata.requires-dev]
dev = [
    { name = "py2exe", specifier = "==0.14.0.0" },
    { name = "setuptools", specifier = "~=72.0" },
]
